
Microsoft Visual Studio Solution File, Format Version 11.00
# Visual Studio 2010
Project("{FAE04EC0-301F-11D3-BF4B-00C04F79EFBC}") = "Assembly-CSharp", "Assembly-CSharp.csproj", "{14ADE00A-60EB-F8F5-73F9-E9CB6EE82BD7}"
EndProject
Project("{FAE04EC0-301F-11D3-BF4B-00C04F79EFBC}") = "Assembly-CSharp-Editor", "Assembly-CSharp-Editor.csproj", "{630F282F-C82C-99C6-1F31-AF98F7BD4EE9}"
EndProject
Global
	GlobalSection(SolutionConfigurationPlatforms) = preSolution
		Debug|Any CPU = Debug|Any CPU
		Release|Any CPU = Release|Any CPU
	EndGlobalSection
	GlobalSection(ProjectConfigurationPlatforms) = postSolution
		{14ADE00A-60EB-F8F5-73F9-E9CB6EE82BD7}.Debug|Any CPU.ActiveCfg = Debug|Any CPU
		{14ADE00A-60EB-F8F5-73F9-E9CB6EE82BD7}.Debug|Any CPU.Build.0 = Debug|Any CPU
		{14ADE00A-60EB-F8F5-73F9-E9CB6EE82BD7}.Release|Any CPU.ActiveCfg = Release|Any CPU
		{14ADE00A-60EB-F8F5-73F9-E9CB6EE82BD7}.Release|Any CPU.Build.0 = Release|Any CPU
		{630F282F-C82C-99C6-1F31-AF98F7BD4EE9}.Debug|Any CPU.ActiveCfg = Debug|Any CPU
		{630F282F-C82C-99C6-1F31-AF98F7BD4EE9}.Debug|Any CPU.Build.0 = Debug|Any CPU
		{630F282F-C82C-99C6-1F31-AF98F7BD4EE9}.Release|Any CPU.ActiveCfg = Release|Any CPU
		{630F282F-C82C-99C6-1F31-AF98F7BD4EE9}.Release|Any CPU.Build.0 = Release|Any CPU
	EndGlobalSection
	GlobalSection(SolutionProperties) = preSolution
		HideSolutionNode = FALSE
	EndGlobalSection
EndGlobal
